// !$*UTF8*$!
{
	archiveVersion = 1;
	classes = {
	};
	objectVersion = 56;
	objects = {

/* Begin PBXBuildFile section */
		AAF642022B1FB7D000D7E4A4 /* Ninja Walk.png in Resources */ = {isa = PBXBuildFile; fileRef = AAF642012B1FB7D000D7E4A4 /* Ninja Walk.png */; };
		AAF642042B1FB7E000D7E4A4 /* Ninja Lean Back.png in Resources */ = {isa = PBXBuildFile; fileRef = AAF642032B1FB7E000D7E4A4 /* Ninja Lean Back.png */; };
		AAF642062B1FB7E600D7E4A4 /* Ninja Attack.png in Resources */ = {isa = PBXBuildFile; fileRef = AAF642052B1FB7E600D7E4A4 /* Ninja Attack.png */; };
		AAF642082B1FB7EE00D7E4A4 /* Ninja Idle.png in Resources */ = {isa = PBXBuildFile; fileRef = AAF642072B1FB7EE00D7E4A4 /* Ninja Idle.png */; };
		C075585C2B04813F001414B7 /* Main.storyboard in Resources */ = {isa = PBXBuildFile; fileRef = C075585A2B04813F001414B7 /* Main.storyboard */; };
		C075585E2B048141001414B7 /* Assets.xcassets in Resources */ = {isa = PBXBuildFile; fileRef = C075585D2B048141001414B7 /* Assets.xcassets */; };
		C07558612B048141001414B7 /* LaunchScreen.storyboard in Resources */ = {isa = PBXBuildFile; fileRef = C075585F2B048141001414B7 /* LaunchScreen.storyboard */; };
		C07559552B1156A6001414B7 /* SceneDelegate.swift in Sources */ = {isa = PBXBuildFile; fileRef = C07559532B1156A6001414B7 /* SceneDelegate.swift */; };
		C07559562B1156A6001414B7 /* AppDelegate.swift in Sources */ = {isa = PBXBuildFile; fileRef = C07559542B1156A6001414B7 /* AppDelegate.swift */; };
		C075595C2B11589A001414B7 /* AudioModel.swift in Sources */ = {isa = PBXBuildFile; fileRef = C075595B2B11589A001414B7 /* AudioModel.swift */; };
		C07559612B115A87001414B7 /* Novocaine.m in Sources */ = {isa = PBXBuildFile; fileRef = C07559602B115A87001414B7 /* Novocaine.m */; };
		C07559642B115ADB001414B7 /* CircularBuffer.m in Sources */ = {isa = PBXBuildFile; fileRef = C07559632B115ADB001414B7 /* CircularBuffer.m */; };
		C07559672B115B10001414B7 /* AudioFileReader.m in Sources */ = {isa = PBXBuildFile; fileRef = C07559662B115B10001414B7 /* AudioFileReader.m */; };
		C075596A2B115B43001414B7 /* FFTHelper.m in Sources */ = {isa = PBXBuildFile; fileRef = C07559692B115B43001414B7 /* FFTHelper.m */; };
		C095126C2B1940AD00248A16 /* GameScene.swift in Sources */ = {isa = PBXBuildFile; fileRef = C095126B2B1940AD00248A16 /* GameScene.swift */; };
		C095126E2B19414500248A16 /* HomeViewController.swift in Sources */ = {isa = PBXBuildFile; fileRef = C095126D2B19414500248A16 /* HomeViewController.swift */; };
		C09512702B194B3A00248A16 /* HistoryViewController.swift in Sources */ = {isa = PBXBuildFile; fileRef = C095126F2B194B3A00248A16 /* HistoryViewController.swift */; };
		C09512722B194B5900248A16 /* SelectionViewController.swift in Sources */ = {isa = PBXBuildFile; fileRef = C09512712B194B5900248A16 /* SelectionViewController.swift */; };
		C09512742B194B6C00248A16 /* Level1ViewController.swift in Sources */ = {isa = PBXBuildFile; fileRef = C09512732B194B6C00248A16 /* Level1ViewController.swift */; };
		C09512762B194B7700248A16 /* Level2ViewController.swift in Sources */ = {isa = PBXBuildFile; fileRef = C09512752B194B7700248A16 /* Level2ViewController.swift */; };
		C09512792B1FA8FC00248A16 /* MelSpectrogramCNN.mlpackage in Sources */ = {isa = PBXBuildFile; fileRef = C09512782B1FA8FC00248A16 /* MelSpectrogramCNN.mlpackage */; };
/* End PBXBuildFile section */

/* Begin PBXFileReference section */
		AAF642012B1FB7D000D7E4A4 /* Ninja Walk.png */ = {isa = PBXFileReference; lastKnownFileType = image.png; path = "Ninja Walk.png"; sourceTree = "<group>"; };
		AAF642032B1FB7E000D7E4A4 /* Ninja Lean Back.png */ = {isa = PBXFileReference; lastKnownFileType = image.png; path = "Ninja Lean Back.png"; sourceTree = "<group>"; };
		AAF642052B1FB7E600D7E4A4 /* Ninja Attack.png */ = {isa = PBXFileReference; lastKnownFileType = image.png; path = "Ninja Attack.png"; sourceTree = "<group>"; };
		AAF642072B1FB7EE00D7E4A4 /* Ninja Idle.png */ = {isa = PBXFileReference; lastKnownFileType = image.png; path = "Ninja Idle.png"; sourceTree = "<group>"; };
		C07558512B04813F001414B7 /* Saxophone-Hero.app */ = {isa = PBXFileReference; explicitFileType = wrapper.application; includeInIndex = 0; path = "Saxophone-Hero.app"; sourceTree = BUILT_PRODUCTS_DIR; };
		C075585B2B04813F001414B7 /* Base */ = {isa = PBXFileReference; lastKnownFileType = file.storyboard; name = Base; path = Base.lproj/Main.storyboard; sourceTree = "<group>"; };
		C075585D2B048141001414B7 /* Assets.xcassets */ = {isa = PBXFileReference; lastKnownFileType = folder.assetcatalog; path = Assets.xcassets; sourceTree = "<group>"; };
		C07558602B048141001414B7 /* Base */ = {isa = PBXFileReference; lastKnownFileType = file.storyboard; name = Base; path = Base.lproj/LaunchScreen.storyboard; sourceTree = "<group>"; };
		C07558622B048141001414B7 /* Info.plist */ = {isa = PBXFileReference; lastKnownFileType = text.plist.xml; path = Info.plist; sourceTree = "<group>"; };
		C07559532B1156A6001414B7 /* SceneDelegate.swift */ = {isa = PBXFileReference; fileEncoding = 4; lastKnownFileType = sourcecode.swift; path = SceneDelegate.swift; sourceTree = "<group>"; };
		C07559542B1156A6001414B7 /* AppDelegate.swift */ = {isa = PBXFileReference; fileEncoding = 4; lastKnownFileType = sourcecode.swift; path = AppDelegate.swift; sourceTree = "<group>"; };
		C075595B2B11589A001414B7 /* AudioModel.swift */ = {isa = PBXFileReference; fileEncoding = 4; lastKnownFileType = sourcecode.swift; path = AudioModel.swift; sourceTree = "<group>"; };
		C075595E2B115A87001414B7 /* Saxophone-Hero-Bridging-Header.h */ = {isa = PBXFileReference; lastKnownFileType = sourcecode.c.h; path = "Saxophone-Hero-Bridging-Header.h"; sourceTree = "<group>"; };
		C075595F2B115A87001414B7 /* Novocaine.h */ = {isa = PBXFileReference; lastKnownFileType = sourcecode.c.h; path = Novocaine.h; sourceTree = "<group>"; };
		C07559602B115A87001414B7 /* Novocaine.m */ = {isa = PBXFileReference; lastKnownFileType = sourcecode.c.objc; path = Novocaine.m; sourceTree = "<group>"; };
		C07559622B115ADB001414B7 /* CircularBuffer.h */ = {isa = PBXFileReference; lastKnownFileType = sourcecode.c.h; path = CircularBuffer.h; sourceTree = "<group>"; };
		C07559632B115ADB001414B7 /* CircularBuffer.m */ = {isa = PBXFileReference; lastKnownFileType = sourcecode.c.objc; path = CircularBuffer.m; sourceTree = "<group>"; };
		C07559652B115B10001414B7 /* AudioFileReader.h */ = {isa = PBXFileReference; lastKnownFileType = sourcecode.c.h; path = AudioFileReader.h; sourceTree = "<group>"; };
		C07559662B115B10001414B7 /* AudioFileReader.m */ = {isa = PBXFileReference; lastKnownFileType = sourcecode.c.objc; path = AudioFileReader.m; sourceTree = "<group>"; };
		C07559682B115B43001414B7 /* FFTHelper.h */ = {isa = PBXFileReference; lastKnownFileType = sourcecode.c.h; path = FFTHelper.h; sourceTree = "<group>"; };
		C07559692B115B43001414B7 /* FFTHelper.m */ = {isa = PBXFileReference; lastKnownFileType = sourcecode.c.objc; path = FFTHelper.m; sourceTree = "<group>"; };
		C095126B2B1940AD00248A16 /* GameScene.swift */ = {isa = PBXFileReference; lastKnownFileType = sourcecode.swift; path = GameScene.swift; sourceTree = "<group>"; };
		C095126D2B19414500248A16 /* HomeViewController.swift */ = {isa = PBXFileReference; lastKnownFileType = sourcecode.swift; path = HomeViewController.swift; sourceTree = "<group>"; };
		C095126F2B194B3A00248A16 /* HistoryViewController.swift */ = {isa = PBXFileReference; lastKnownFileType = sourcecode.swift; path = HistoryViewController.swift; sourceTree = "<group>"; };
		C09512712B194B5900248A16 /* SelectionViewController.swift */ = {isa = PBXFileReference; lastKnownFileType = sourcecode.swift; path = SelectionViewController.swift; sourceTree = "<group>"; };
		C09512732B194B6C00248A16 /* Level1ViewController.swift */ = {isa = PBXFileReference; lastKnownFileType = sourcecode.swift; path = Level1ViewController.swift; sourceTree = "<group>"; };
		C09512752B194B7700248A16 /* Level2ViewController.swift */ = {isa = PBXFileReference; lastKnownFileType = sourcecode.swift; path = Level2ViewController.swift; sourceTree = "<group>"; };
		C09512782B1FA8FC00248A16 /* MelSpectrogramCNN.mlpackage */ = {isa = PBXFileReference; lastKnownFileType = folder.mlpackage; path = MelSpectrogramCNN.mlpackage; sourceTree = "<group>"; };
/* End PBXFileReference section */

/* Begin PBXFrameworksBuildPhase section */
		C075584E2B04813F001414B7 /* Frameworks */ = {
			isa = PBXFrameworksBuildPhase;
			buildActionMask = 2147483647;
			files = (
			);
			runOnlyForDeploymentPostprocessing = 0;
		};
/* End PBXFrameworksBuildPhase section */

/* Begin PBXGroup section */
		AAF642092B1FB8B400D7E4A4 /* Animations.atlas */ = {
			isa = PBXGroup;
			children = (
				AAF642072B1FB7EE00D7E4A4 /* Ninja Idle.png */,
				AAF642052B1FB7E600D7E4A4 /* Ninja Attack.png */,
				AAF642032B1FB7E000D7E4A4 /* Ninja Lean Back.png */,
				AAF642012B1FB7D000D7E4A4 /* Ninja Walk.png */,
			);
			path = Animations.atlas;
			sourceTree = "<group>";
		};
		C07558482B04813F001414B7 = {
			isa = PBXGroup;
			children = (
				C07558532B04813F001414B7 /* Saxophone-Hero */,
				C07558522B04813F001414B7 /* Products */,
			);
			sourceTree = "<group>";
		};
		C07558522B04813F001414B7 /* Products */ = {
			isa = PBXGroup;
			children = (
				C07558512B04813F001414B7 /* Saxophone-Hero.app */,
			);
			name = Products;
			sourceTree = "<group>";
		};
		C07558532B04813F001414B7 /* Saxophone-Hero */ = {
			isa = PBXGroup;
			children = (
				AAF642092B1FB8B400D7E4A4 /* Animations.atlas */,
				C07559522B1155B9001414B7 /* AppDelegate */,
				C075595A2B11586B001414B7 /* Models */,
				C07559572B1157E6001414B7 /* ViewControllers */,
				C095126A2B19406800248A16 /* Scenes */,
				C075595D2B115A01001414B7 /* Utilities */,
				C09512772B1EBEE300248A16 /* CoreML */,
				C075585D2B048141001414B7 /* Assets.xcassets */,
				C075585A2B04813F001414B7 /* Main.storyboard */,
				C075585F2B048141001414B7 /* LaunchScreen.storyboard */,
				C07558622B048141001414B7 /* Info.plist */,
			);
			path = "Saxophone-Hero";
			sourceTree = "<group>";
		};
		C07559522B1155B9001414B7 /* AppDelegate */ = {
			isa = PBXGroup;
			children = (
				C07559542B1156A6001414B7 /* AppDelegate.swift */,
				C07559532B1156A6001414B7 /* SceneDelegate.swift */,
			);
			path = AppDelegate;
			sourceTree = "<group>";
		};
		C07559572B1157E6001414B7 /* ViewControllers */ = {
			isa = PBXGroup;
			children = (
				C095126D2B19414500248A16 /* HomeViewController.swift */,
				C095126F2B194B3A00248A16 /* HistoryViewController.swift */,
				C09512712B194B5900248A16 /* SelectionViewController.swift */,
				C09512732B194B6C00248A16 /* Level1ViewController.swift */,
				C09512752B194B7700248A16 /* Level2ViewController.swift */,
			);
			path = ViewControllers;
			sourceTree = "<group>";
		};
		C075595A2B11586B001414B7 /* Models */ = {
			isa = PBXGroup;
			children = (
				C075595B2B11589A001414B7 /* AudioModel.swift */,
			);
			path = Models;
			sourceTree = "<group>";
		};
		C075595D2B115A01001414B7 /* Utilities */ = {
			isa = PBXGroup;
			children = (
				C075595F2B115A87001414B7 /* Novocaine.h */,
				C07559602B115A87001414B7 /* Novocaine.m */,
				C07559622B115ADB001414B7 /* CircularBuffer.h */,
				C07559632B115ADB001414B7 /* CircularBuffer.m */,
				C07559652B115B10001414B7 /* AudioFileReader.h */,
				C07559662B115B10001414B7 /* AudioFileReader.m */,
				C07559682B115B43001414B7 /* FFTHelper.h */,
				C07559692B115B43001414B7 /* FFTHelper.m */,
				C075595E2B115A87001414B7 /* Saxophone-Hero-Bridging-Header.h */,
			);
			path = Utilities;
			sourceTree = "<group>";
		};
		C095126A2B19406800248A16 /* Scenes */ = {
			isa = PBXGroup;
			children = (
				C095126B2B1940AD00248A16 /* GameScene.swift */,
			);
			path = Scenes;
			sourceTree = "<group>";
		};
		C09512772B1EBEE300248A16 /* CoreML */ = {
			isa = PBXGroup;
			children = (
				C09512782B1FA8FC00248A16 /* MelSpectrogramCNN.mlpackage */,
			);
			path = CoreML;
			sourceTree = "<group>";
		};
/* End PBXGroup section */

/* Begin PBXNativeTarget section */
		C07558502B04813F001414B7 /* Saxophone-Hero */ = {
			isa = PBXNativeTarget;
			buildConfigurationList = C07558652B048141001414B7 /* Build configuration list for PBXNativeTarget "Saxophone-Hero" */;
			buildPhases = (
				C075584D2B04813F001414B7 /* Sources */,
				C075584E2B04813F001414B7 /* Frameworks */,
				C075584F2B04813F001414B7 /* Resources */,
			);
			buildRules = (
			);
			dependencies = (
			);
			name = "Saxophone-Hero";
			productName = "Saxophone-Hero";
			productReference = C07558512B04813F001414B7 /* Saxophone-Hero.app */;
			productType = "com.apple.product-type.application";
		};
/* End PBXNativeTarget section */

/* Begin PBXProject section */
		C07558492B04813F001414B7 /* Project object */ = {
			isa = PBXProject;
			attributes = {
				BuildIndependentTargetsInParallel = 1;
				LastSwiftUpdateCheck = 1500;
				LastUpgradeCheck = 1500;
				TargetAttributes = {
					C07558502B04813F001414B7 = {
						CreatedOnToolsVersion = 15.0;
						LastSwiftMigration = 1500;
					};
				};
			};
			buildConfigurationList = C075584C2B04813F001414B7 /* Build configuration list for PBXProject "Saxophone-Hero" */;
			compatibilityVersion = "Xcode 14.0";
			developmentRegion = en;
			hasScannedForEncodings = 0;
			knownRegions = (
				en,
				Base,
			);
			mainGroup = C07558482B04813F001414B7;
			productRefGroup = C07558522B04813F001414B7 /* Products */;
			projectDirPath = "";
			projectRoot = "";
			targets = (
				C07558502B04813F001414B7 /* Saxophone-Hero */,
			);
		};
/* End PBXProject section */

/* Begin PBXResourcesBuildPhase section */
		C075584F2B04813F001414B7 /* Resources */ = {
			isa = PBXResourcesBuildPhase;
			buildActionMask = 2147483647;
			files = (
				AAF642022B1FB7D000D7E4A4 /* Ninja Walk.png in Resources */,
				C07558612B048141001414B7 /* LaunchScreen.storyboard in Resources */,
				C075585E2B048141001414B7 /* Assets.xcassets in Resources */,
				AAF642082B1FB7EE00D7E4A4 /* Ninja Idle.png in Resources */,
				AAF642062B1FB7E600D7E4A4 /* Ninja Attack.png in Resources */,
				C075585C2B04813F001414B7 /* Main.storyboard in Resources */,
				AAF642042B1FB7E000D7E4A4 /* Ninja Lean Back.png in Resources */,
			);
			runOnlyForDeploymentPostprocessing = 0;
		};
/* End PBXResourcesBuildPhase section */

/* Begin PBXSourcesBuildPhase section */
		C075584D2B04813F001414B7 /* Sources */ = {
			isa = PBXSourcesBuildPhase;
			buildActionMask = 2147483647;
			files = (
				C095126C2B1940AD00248A16 /* GameScene.swift in Sources */,
				C07559672B115B10001414B7 /* AudioFileReader.m in Sources */,
				C07559642B115ADB001414B7 /* CircularBuffer.m in Sources */,
				C09512702B194B3A00248A16 /* HistoryViewController.swift in Sources */,
				C07559552B1156A6001414B7 /* SceneDelegate.swift in Sources */,
				C09512722B194B5900248A16 /* SelectionViewController.swift in Sources */,
				C09512792B1FA8FC00248A16 /* MelSpectrogramCNN.mlpackage in Sources */,
				C09512762B194B7700248A16 /* Level2ViewController.swift in Sources */,
				C095126E2B19414500248A16 /* HomeViewController.swift in Sources */,
				C075595C2B11589A001414B7 /* AudioModel.swift in Sources */,
				C07559562B1156A6001414B7 /* AppDelegate.swift in Sources */,
				C09512742B194B6C00248A16 /* Level1ViewController.swift in Sources */,
				C075596A2B115B43001414B7 /* FFTHelper.m in Sources */,
				C07559612B115A87001414B7 /* Novocaine.m in Sources */,
			);
			runOnlyForDeploymentPostprocessing = 0;
		};
/* End PBXSourcesBuildPhase section */

/* Begin PBXVariantGroup section */
		C075585A2B04813F001414B7 /* Main.storyboard */ = {
			isa = PBXVariantGroup;
			children = (
				C075585B2B04813F001414B7 /* Base */,
			);
			name = Main.storyboard;
			sourceTree = "<group>";
		};
		C075585F2B048141001414B7 /* LaunchScreen.storyboard */ = {
			isa = PBXVariantGroup;
			children = (
				C07558602B048141001414B7 /* Base */,
			);
			name = LaunchScreen.storyboard;
			sourceTree = "<group>";
		};
/* End PBXVariantGroup section */

/* Begin XCBuildConfiguration section */
		C07558632B048141001414B7 /* Debug */ = {
			isa = XCBuildConfiguration;
			buildSettings = {
				ALWAYS_SEARCH_USER_PATHS = NO;
				ASSETCATALOG_COMPILER_GENERATE_SWIFT_ASSET_SYMBOL_EXTENSIONS = YES;
				CLANG_ANALYZER_NONNULL = YES;
				CLANG_ANALYZER_NUMBER_OBJECT_CONVERSION = YES_AGGRESSIVE;
				CLANG_CXX_LANGUAGE_STANDARD = "gnu++20";
				CLANG_ENABLE_MODULES = YES;
				CLANG_ENABLE_OBJC_ARC = YES;
				CLANG_ENABLE_OBJC_WEAK = YES;
				CLANG_WARN_BLOCK_CAPTURE_AUTORELEASING = YES;
				CLANG_WARN_BOOL_CONVERSION = YES;
				CLANG_WARN_COMMA = YES;
				CLANG_WARN_CONSTANT_CONVERSION = YES;
				CLANG_WARN_DEPRECATED_OBJC_IMPLEMENTATIONS = YES;
				CLANG_WARN_DIRECT_OBJC_ISA_USAGE = YES_ERROR;
				CLANG_WARN_DOCUMENTATION_COMMENTS = YES;
				CLANG_WARN_EMPTY_BODY = YES;
				CLANG_WARN_ENUM_CONVERSION = YES;
				CLANG_WARN_INFINITE_RECURSION = YES;
				CLANG_WARN_INT_CONVERSION = YES;
				CLANG_WARN_NON_LITERAL_NULL_CONVERSION = YES;
				CLANG_WARN_OBJC_IMPLICIT_RETAIN_SELF = YES;
				CLANG_WARN_OBJC_LITERAL_CONVERSION = YES;
				CLANG_WARN_OBJC_ROOT_CLASS = YES_ERROR;
				CLANG_WARN_QUOTED_INCLUDE_IN_FRAMEWORK_HEADER = YES;
				CLANG_WARN_RANGE_LOOP_ANALYSIS = YES;
				CLANG_WARN_STRICT_PROTOTYPES = YES;
				CLANG_WARN_SUSPICIOUS_MOVE = YES;
				CLANG_WARN_UNGUARDED_AVAILABILITY = YES_AGGRESSIVE;
				CLANG_WARN_UNREACHABLE_CODE = YES;
				CLANG_WARN__DUPLICATE_METHOD_MATCH = YES;
				COPY_PHASE_STRIP = NO;
				DEBUG_INFORMATION_FORMAT = dwarf;
				ENABLE_STRICT_OBJC_MSGSEND = YES;
				ENABLE_TESTABILITY = YES;
				ENABLE_USER_SCRIPT_SANDBOXING = YES;
				GCC_C_LANGUAGE_STANDARD = gnu17;
				GCC_DYNAMIC_NO_PIC = NO;
				GCC_NO_COMMON_BLOCKS = YES;
				GCC_OPTIMIZATION_LEVEL = 0;
				GCC_PREPROCESSOR_DEFINITIONS = (
					"DEBUG=1",
					"$(inherited)",
				);
				GCC_WARN_64_TO_32_BIT_CONVERSION = YES;
				GCC_WARN_ABOUT_RETURN_TYPE = YES_ERROR;
				GCC_WARN_UNDECLARED_SELECTOR = YES;
				GCC_WARN_UNINITIALIZED_AUTOS = YES_AGGRESSIVE;
				GCC_WARN_UNUSED_FUNCTION = YES;
				GCC_WARN_UNUSED_VARIABLE = YES;
				IPHONEOS_DEPLOYMENT_TARGET = 17.0;
				LOCALIZATION_PREFERS_STRING_CATALOGS = YES;
				MTL_ENABLE_DEBUG_INFO = INCLUDE_SOURCE;
				MTL_FAST_MATH = YES;
				ONLY_ACTIVE_ARCH = YES;
				SDKROOT = iphoneos;
				SWIFT_ACTIVE_COMPILATION_CONDITIONS = "DEBUG $(inherited)";
				SWIFT_OPTIMIZATION_LEVEL = "-Onone";
			};
			name = Debug;
		};
		C07558642B048141001414B7 /* Release */ = {
			isa = XCBuildConfiguration;
			buildSettings = {
				ALWAYS_SEARCH_USER_PATHS = NO;
				ASSETCATALOG_COMPILER_GENERATE_SWIFT_ASSET_SYMBOL_EXTENSIONS = YES;
				CLANG_ANALYZER_NONNULL = YES;
				CLANG_ANALYZER_NUMBER_OBJECT_CONVERSION = YES_AGGRESSIVE;
				CLANG_CXX_LANGUAGE_STANDARD = "gnu++20";
				CLANG_ENABLE_MODULES = YES;
				CLANG_ENABLE_OBJC_ARC = YES;
				CLANG_ENABLE_OBJC_WEAK = YES;
				CLANG_WARN_BLOCK_CAPTURE_AUTORELEASING = YES;
				CLANG_WARN_BOOL_CONVERSION = YES;
				CLANG_WARN_COMMA = YES;
				CLANG_WARN_CONSTANT_CONVERSION = YES;
				CLANG_WARN_DEPRECATED_OBJC_IMPLEMENTATIONS = YES;
				CLANG_WARN_DIRECT_OBJC_ISA_USAGE = YES_ERROR;
				CLANG_WARN_DOCUMENTATION_COMMENTS = YES;
				CLANG_WARN_EMPTY_BODY = YES;
				CLANG_WARN_ENUM_CONVERSION = YES;
				CLANG_WARN_INFINITE_RECURSION = YES;
				CLANG_WARN_INT_CONVERSION = YES;
				CLANG_WARN_NON_LITERAL_NULL_CONVERSION = YES;
				CLANG_WARN_OBJC_IMPLICIT_RETAIN_SELF = YES;
				CLANG_WARN_OBJC_LITERAL_CONVERSION = YES;
				CLANG_WARN_OBJC_ROOT_CLASS = YES_ERROR;
				CLANG_WARN_QUOTED_INCLUDE_IN_FRAMEWORK_HEADER = YES;
				CLANG_WARN_RANGE_LOOP_ANALYSIS = YES;
				CLANG_WARN_STRICT_PROTOTYPES = YES;
				CLANG_WARN_SUSPICIOUS_MOVE = YES;
				CLANG_WARN_UNGUARDED_AVAILABILITY = YES_AGGRESSIVE;
				CLANG_WARN_UNREACHABLE_CODE = YES;
				CLANG_WARN__DUPLICATE_METHOD_MATCH = YES;
				COPY_PHASE_STRIP = NO;
				DEBUG_INFORMATION_FORMAT = "dwarf-with-dsym";
				ENABLE_NS_ASSERTIONS = NO;
				ENABLE_STRICT_OBJC_MSGSEND = YES;
				ENABLE_USER_SCRIPT_SANDBOXING = YES;
				GCC_C_LANGUAGE_STANDARD = gnu17;
				GCC_NO_COMMON_BLOCKS = YES;
				GCC_WARN_64_TO_32_BIT_CONVERSION = YES;
				GCC_WARN_ABOUT_RETURN_TYPE = YES_ERROR;
				GCC_WARN_UNDECLARED_SELECTOR = YES;
				GCC_WARN_UNINITIALIZED_AUTOS = YES_AGGRESSIVE;
				GCC_WARN_UNUSED_FUNCTION = YES;
				GCC_WARN_UNUSED_VARIABLE = YES;
				IPHONEOS_DEPLOYMENT_TARGET = 17.0;
				LOCALIZATION_PREFERS_STRING_CATALOGS = YES;
				MTL_ENABLE_DEBUG_INFO = NO;
				MTL_FAST_MATH = YES;
				SDKROOT = iphoneos;
				SWIFT_COMPILATION_MODE = wholemodule;
				VALIDATE_PRODUCT = YES;
			};
			name = Release;
		};
		C07558662B048141001414B7 /* Debug */ = {
			isa = XCBuildConfiguration;
			buildSettings = {
				ASSETCATALOG_COMPILER_APPICON_NAME = AppIcon;
				ASSETCATALOG_COMPILER_GLOBAL_ACCENT_COLOR_NAME = AccentColor;
				CLANG_ENABLE_MODULES = YES;
				CODE_SIGN_STYLE = Automatic;
				CURRENT_PROJECT_VERSION = 1;
				DEVELOPMENT_TEAM = 4ULQ4SSJU5;
				GENERATE_INFOPLIST_FILE = YES;
				INFOPLIST_FILE = "Saxophone-Hero/Info.plist";
				INFOPLIST_KEY_UIApplicationSupportsIndirectInputEvents = YES;
				INFOPLIST_KEY_UILaunchStoryboardName = LaunchScreen;
				INFOPLIST_KEY_UIMainStoryboardFile = Main;
				INFOPLIST_KEY_UISupportedInterfaceOrientations_iPad = "UIInterfaceOrientationPortrait UIInterfaceOrientationPortraitUpsideDown UIInterfaceOrientationLandscapeLeft UIInterfaceOrientationLandscapeRight";
				INFOPLIST_KEY_UISupportedInterfaceOrientations_iPhone = "UIInterfaceOrientationPortrait UIInterfaceOrientationLandscapeLeft UIInterfaceOrientationLandscapeRight";
				IPHONEOS_DEPLOYMENT_TARGET = 16.0;
				LD_RUNPATH_SEARCH_PATHS = (
					"$(inherited)",
					"@executable_path/Frameworks",
				);
				MARKETING_VERSION = 1.0;
				PRODUCT_BUNDLE_IDENTIFIER = "SMUMSLC.Saxophone-Hero";
				PRODUCT_NAME = "$(TARGET_NAME)";
				SWIFT_EMIT_LOC_STRINGS = YES;
				SWIFT_OBJC_BRIDGING_HEADER = "Saxophone-Hero/Utilities/Saxophone-Hero-Bridging-Header.h";
				SWIFT_OPTIMIZATION_LEVEL = "-Onone";
				SWIFT_VERSION = 5.0;
				TARGETED_DEVICE_FAMILY = "1,2";
			};
			name = Debug;
		};
		C07558672B048141001414B7 /* Release */ = {
			isa = XCBuildConfiguration;
			buildSettings = {
				ASSETCATALOG_COMPILER_APPICON_NAME = AppIcon;
				ASSETCATALOG_COMPILER_GLOBAL_ACCENT_COLOR_NAME = AccentColor;
				CLANG_ENABLE_MODULES = YES;
				CODE_SIGN_STYLE = Automatic;
				CURRENT_PROJECT_VERSION = 1;
				DEVELOPMENT_TEAM = 4ULQ4SSJU5;
				GENERATE_INFOPLIST_FILE = YES;
				INFOPLIST_FILE = "Saxophone-Hero/Info.plist";
				INFOPLIST_KEY_UIApplicationSupportsIndirectInputEvents = YES;
				INFOPLIST_KEY_UILaunchStoryboardName = LaunchScreen;
				INFOPLIST_KEY_UIMainStoryboardFile = Main;
				INFOPLIST_KEY_UISupportedInterfaceOrientations_iPad = "UIInterfaceOrientationPortrait UIInterfaceOrientationPortraitUpsideDown UIInterfaceOrientationLandscapeLeft UIInterfaceOrientationLandscapeRight";
				INFOPLIST_KEY_UISupportedInterfaceOrientations_iPhone = "UIInterfaceOrientationPortrait UIInterfaceOrientationLandscapeLeft UIInterfaceOrientationLandscapeRight";
				IPHONEOS_DEPLOYMENT_TARGET = 16.0;
				LD_RUNPATH_SEARCH_PATHS = (
					"$(inherited)",
					"@executable_path/Frameworks",
				);
				MARKETING_VERSION = 1.0;
				PRODUCT_BUNDLE_IDENTIFIER = "SMUMSLC.Saxophone-Hero";
				PRODUCT_NAME = "$(TARGET_NAME)";
				SWIFT_EMIT_LOC_STRINGS = YES;
				SWIFT_OBJC_BRIDGING_HEADER = "Saxophone-Hero/Utilities/Saxophone-Hero-Bridging-Header.h";
				SWIFT_VERSION = 5.0;
				TARGETED_DEVICE_FAMILY = "1,2";
			};
			name = Release;
		};
/* End XCBuildConfiguration section */

/* Begin XCConfigurationList section */
		C075584C2B04813F001414B7 /* Build configuration list for PBXProject "Saxophone-Hero" */ = {
			isa = XCConfigurationList;
			buildConfigurations = (
				C07558632B048141001414B7 /* Debug */,
				C07558642B048141001414B7 /* Release */,
			);
			defaultConfigurationIsVisible = 0;
			defaultConfigurationName = Release;
		};
		C07558652B048141001414B7 /* Build configuration list for PBXNativeTarget "Saxophone-Hero" */ = {
			isa = XCConfigurationList;
			buildConfigurations = (
				C07558662B048141001414B7 /* Debug */,
				C07558672B048141001414B7 /* Release */,
			);
			defaultConfigurationIsVisible = 0;
			defaultConfigurationName = Release;
		};
/* End XCConfigurationList section */
	};
	rootObject = C07558492B04813F001414B7 /* Project object */;
}
